
Microsoft Visual Studio Solution File, Format Version 12.00
# Visual Studio Version 17
VisualStudioVersion = 17.7.34202.233
MinimumVisualStudioVersion = 10.0.40219.1
Project("{FAE04EC0-301F-11D3-BF4B-00C04F79EFBC}") = "MyGreatBank", "MyGreatBank\MyGreatBank.csproj", "{24CECDF5-2E62-4457-9010-EA5F2D12A5FD}"
EndProject
Global
	GlobalSection(SolutionConfigurationPlatforms) = preSolution
		Debug|Any CPU = Debug|Any CPU
		Release|Any CPU = Release|Any CPU
	EndGlobalSection
	GlobalSection(ProjectConfigurationPlatforms) = postSolution
		{24CECDF5-2E62-4457-9010-EA5F2D12A5FD}.Debug|Any CPU.ActiveCfg = Debug|Any CPU
		{24CECDF5-2E62-4457-9010-EA5F2D12A5FD}.Debug|Any CPU.Build.0 = Debug|Any CPU
		{24CECDF5-2E62-4457-9010-EA5F2D12A5FD}.Release|Any CPU.ActiveCfg = Release|Any CPU
		{24CECDF5-2E62-4457-9010-EA5F2D12A5FD}.Release|Any CPU.Build.0 = Release|Any CPU
	EndGlobalSection
	GlobalSection(SolutionProperties) = preSolution
		HideSolutionNode = FALSE
	EndGlobalSection
	GlobalSection(ExtensibilityGlobals) = postSolution
		SolutionGuid = {7B9F72B4-6697-45F2-9A0E-60F0CD73B335}
	EndGlobalSection
EndGlobal
